
Microsoft Visual Studio Solution File, Format Version 12.00
# Visual Studio Version 17
VisualStudioVersion = 17.14.36212.18 d17.14
MinimumVisualStudioVersion = 10.0.40219.1
Project("{FAE04EC0-301F-11D3-BF4B-00C04F79EFBC}") = "mds2", "mds2\mds2.csproj", "{B7BFCCE5-8EB5-4D8A-AA37-EC31DDEFDC6B}"
EndProject
Global
	GlobalSection(SolutionConfigurationPlatforms) = preSolution
		Debug|Any CPU = Debug|Any CPU
		Release|Any CPU = Release|Any CPU
	EndGlobalSection
	GlobalSection(ProjectConfigurationPlatforms) = postSolution
		{B7BFCCE5-8EB5-4D8A-AA37-EC31DDEFDC6B}.Debug|Any CPU.ActiveCfg = Debug|Any CPU
		{B7BFCCE5-8EB5-4D8A-AA37-EC31DDEFDC6B}.Debug|Any CPU.Build.0 = Debug|Any CPU
		{B7BFCCE5-8EB5-4D8A-AA37-EC31DDEFDC6B}.Release|Any CPU.ActiveCfg = Release|Any CPU
		{B7BFCCE5-8EB5-4D8A-AA37-EC31DDEFDC6B}.Release|Any CPU.Build.0 = Release|Any CPU
	EndGlobalSection
	GlobalSection(SolutionProperties) = preSolution
		HideSolutionNode = FALSE
	EndGlobalSection
	GlobalSection(ExtensibilityGlobals) = postSolution
		SolutionGuid = {EEA3DDC0-B28E-4FEB-8FF6-33CB40AEEA13}
	EndGlobalSection
EndGlobal
